{
  "name": "nyaPass",
  "lockfileVersion": 3,
  "requires": true,
  "packages": {
    "": {
      "dependencies": {
        "argon2-browser": "^1.18.0",
        "publicsuffixlist": "^0.3.0",
        "punycode": "^2.3.1"
      }
    },
    "node_modules/acorn": {
      "version": "3.3.0",
      "resolved": "https://registry.npmjs.org/acorn/-/acorn-3.3.0.tgz",
      "integrity": "sha512-OLUyIIZ7mF5oaAUT1w0TFqQS81q3saT46x8t7ukpPjMNk+nbs4ZHhs7ToV8EWnLYLepjETXd4XaCE4uxkMeqUw==",
      "bin": {
        "acorn": "bin/acorn"
      },
      "engines": {
        "node": ">=0.4.0"
      }
    },
    "node_modules/argon2-browser": {
      "version": "1.18.0",
      "resolved": "https://registry.npmjs.org/argon2-browser/-/argon2-browser-1.18.0.tgz",
      "integrity": "sha512-ImVAGIItnFnvET1exhsQB7apRztcoC5TnlSqernMJDUjbc/DLq3UEYeXFrLPrlaIl8cVfwnXb6wX2KpFf2zxHw=="
    },
    "node_modules/define-property": {
      "version": "0.2.5",
      "resolved": "https://registry.npmjs.org/define-property/-/define-property-0.2.5.tgz",
      "integrity": "sha512-Rr7ADjQZenceVOAKop6ALkkRAmH1A4Gx9hV/7ZujPUN2rkATqFO0JZLZInbAjpZYoJ1gUx8MRMQVkYemcbMSTA==",
      "dependencies": {
        "is-descriptor": "^0.1.0"
      },
      "engines": {
        "node": ">=0.10.0"
      }
    },
    "node_modules/function-bind": {
      "version": "1.1.2",
      "resolved": "https://registry.npmjs.org/function-bind/-/function-bind-1.1.2.tgz",
      "integrity": "sha512-7XHNxH7qX9xG5mIwxkhumTox/MIRNcOgDrxWsMt2pAr23WHp6MrRlN7FBSFpCpr+oVO0F744iUgR82nJMfG2SA==",
      "funding": {
        "url": "https://github.com/sponsors/ljharb"
      }
    },
    "node_modules/hasown": {
      "version": "2.0.0",
      "resolved": "https://registry.npmjs.org/hasown/-/hasown-2.0.0.tgz",
      "integrity": "sha512-vUptKVTpIJhcczKBbgnS+RtcuYMB8+oNzPK2/Hp3hanz8JmpATdmmgLgSaadVREkDm+e2giHwY3ZRkyjSIDDFA==",
      "dependencies": {
        "function-bind": "^1.1.2"
      },
      "engines": {
        "node": ">= 0.4"
      }
    },
    "node_modules/is-accessor-descriptor": {
      "version": "1.0.1",
      "resolved": "https://registry.npmjs.org/is-accessor-descriptor/-/is-accessor-descriptor-1.0.1.tgz",
      "integrity": "sha512-YBUanLI8Yoihw923YeFUS5fs0fF2f5TSFTNiYAAzhhDscDa3lEqYuz1pDOEP5KvX94I9ey3vsqjJcLVFVU+3QA==",
      "dependencies": {
        "hasown": "^2.0.0"
      },
      "engines": {
        "node": ">= 0.10"
      }
    },
    "node_modules/is-data-descriptor": {
      "version": "1.0.1",
      "resolved": "https://registry.npmjs.org/is-data-descriptor/-/is-data-descriptor-1.0.1.tgz",
      "integrity": "sha512-bc4NlCDiCr28U4aEsQ3Qs2491gVq4V8G7MQyws968ImqjKuYtTJXrl7Vq7jsN7Ly/C3xj5KWFrY7sHNeDkAzXw==",
      "dependencies": {
        "hasown": "^2.0.0"
      },
      "engines": {
        "node": ">= 0.4"
      }
    },
    "node_modules/is-descriptor": {
      "version": "0.1.7",
      "resolved": "https://registry.npmjs.org/is-descriptor/-/is-descriptor-0.1.7.tgz",
      "integrity": "sha512-C3grZTvObeN1xud4cRWl366OMXZTj0+HGyk4hvfpx4ZHt1Pb60ANSXqCK7pdOTeUQpRzECBSTphqvD7U+l22Eg==",
      "dependencies": {
        "is-accessor-descriptor": "^1.0.1",
        "is-data-descriptor": "^1.0.1"
      },
      "engines": {
        "node": ">= 0.4"
      }
    },
    "node_modules/next-tick": {
      "version": "1.1.0",
      "resolved": "https://registry.npmjs.org/next-tick/-/next-tick-1.1.0.tgz",
      "integrity": "sha512-CXdUiJembsNjuToQvxayPZF9Vqht7hewsvy2sOWafLvi2awflj9mOC6bHIg50orX8IJvWKY9wYQ/zB2kogPslQ=="
    },
    "node_modules/parse-function": {
      "version": "2.3.2",
      "resolved": "https://registry.npmjs.org/parse-function/-/parse-function-2.3.2.tgz",
      "integrity": "sha512-8q0EP7LoexHl3yCX/gIpiG5c/1WolBRkXL7j6ou7H45ddzT0/btN/3ZD9mklx+U2go12PaPJIG1QdJO2Q6Vn+w==",
      "dependencies": {
        "acorn": "^3.1.0",
        "define-property": "^0.2.5"
      }
    },
    "node_modules/publicsuffixlist": {
      "version": "0.3.0",
      "resolved": "https://registry.npmjs.org/publicsuffixlist/-/publicsuffixlist-0.3.0.tgz",
      "integrity": "sha512-TlwDBDQt6ETe+/p4NbolpbB1qNtihFr5sPguWcKaI2kcJjp5hzbwwPwH1pn7YS47+T3O5UR9NNLSMmtgaE5z8A==",
      "hasInstallScript": true,
      "dependencies": {
        "next-tick": "^1.0.0",
        "parse-function": "^2.3.2",
        "require-dir": "^1.2.0"
      }
    },
    "node_modules/punycode": {
      "version": "2.3.1",
      "resolved": "https://registry.npmjs.org/punycode/-/punycode-2.3.1.tgz",
      "integrity": "sha512-vYt7UD1U9Wg6138shLtLOvdAu+8DsC/ilFtEVHcH+wydcSpNE20AfSOduf6MkRFahL5FY7X1oU7nKVZFtfq8Fg==",
      "engines": {
        "node": ">=6"
      }
    },
    "node_modules/require-dir": {
      "version": "1.2.0",
      "resolved": "https://registry.npmjs.org/require-dir/-/require-dir-1.2.0.tgz",
      "integrity": "sha512-LY85DTSu+heYgDqq/mK+7zFHWkttVNRXC9NKcKGyuGLdlsfbjEPrIEYdCVrx6hqnJb+xSu3Lzaoo8VnmOhhjNA==",
      "engines": {
        "node": "*"
      }
    }
  }
}
